
Microsoft Visual Studio Solution File, Format Version 12.00
# Visual Studio Version 16
VisualStudioVersion = 16.0.31515.178
MinimumVisualStudioVersion = 10.0.40219.1
Project("{888888A0-9F3D-457C-B088-3A5042F75D52}") = "TemperatureConversion Jones-CIS261", "TemperatureConversion Jones-CIS261.pyproj", "{F29C1F90-DECD-4A74-9B67-C0A8B7BE9D08}"
EndProject
Global
	GlobalSection(SolutionConfigurationPlatforms) = preSolution
		Debug|Any CPU = Debug|Any CPU
		Release|Any CPU = Release|Any CPU
	EndGlobalSection
	GlobalSection(ProjectConfigurationPlatforms) = postSolution
		{F29C1F90-DECD-4A74-9B67-C0A8B7BE9D08}.Debug|Any CPU.ActiveCfg = Debug|Any CPU
		{F29C1F90-DECD-4A74-9B67-C0A8B7BE9D08}.Release|Any CPU.ActiveCfg = Release|Any CPU
	EndGlobalSection
	GlobalSection(SolutionProperties) = preSolution
		HideSolutionNode = FALSE
	EndGlobalSection
	GlobalSection(ExtensibilityGlobals) = postSolution
		SolutionGuid = {BC77AF79-398C-409E-8D46-548CA56B1B3D}
	EndGlobalSection
EndGlobal
